{
  "meteor": {
    "git": "https://github.com/meteor/meteor.git",
    "branch": "master",
    "commit": "5d736d4bf0448c7db1f9b47124dfafc34a9631bb"
  },
  "dependencies": {
    "basePackages": {
      "mini-pages": {},
      "presence": {},
      "marked": {}
    },
    "packages": {
      "mini-pages": {
        "git": "https://github.com/cmather/meteor-mini-pages.git",
        "tag": "v0.3.1",
        "commit": "d218140d37b0dbec975880755c2035ae9e022936"
      },
      "presence": {
        "git": "https://github.com/tmeasday/meteor-presence.git",
        "tag": "v0.2.0",
        "commit": "cb103275ba67e524bf3a9cce4ff0b36f03959d1b"
      },
      "marked": {
        "git": "https://github.com/chuangbo/meteor-marked.git",
        "tag": "v0.2.8.2",
        "commit": "f5d9d6dbc013ad1bd568fa610eb4d8a479943f18"
      },
      "HTML5-History-API": {
        "git": "https://github.com/tmeasday/meteor-HTML5-History-API.git",
        "tag": "v4.0.0",
        "commit": "dc4965f1424cfca625ec3fbea17eace03f8e32c5"
      },
      "page-js-ie-support": {
        "git": "https://github.com/tmeasday/meteor-page-js-ie-support.git",
        "tag": "v1.3.5",
        "commit": "b99ed8380aefd10b2afc8f18d9eed4dd0d8ea9cb"
      }
    }
  }
}
